
Microsoft Visual Studio Solution File, Format Version 11.00
# Visual Studio 2010
Project("{FAE04EC0-301F-11D3-BF4B-00C04F79EFBC}") = "Assembly-CSharp-firstpass", "Assembly-CSharp-firstpass.csproj", "{90E1CD5F-FA5E-83A2-D14B-9183F48373F4}"
EndProject
Project("{FAE04EC0-301F-11D3-BF4B-00C04F79EFBC}") = "Assembly-CSharp", "Assembly-CSharp.csproj", "{3CD90F35-559C-FBD9-6E55-CBB42757AE00}"
EndProject
Project("{FAE04EC0-301F-11D3-BF4B-00C04F79EFBC}") = "Assembly-CSharp-Editor-firstpass", "Assembly-CSharp-Editor-firstpass.csproj", "{A2C6EB5F-4E63-ED06-644D-912180633178}"
EndProject
Global
	GlobalSection(SolutionConfigurationPlatforms) = preSolution
		Debug|Any CPU = Debug|Any CPU
		Release|Any CPU = Release|Any CPU
	EndGlobalSection
	GlobalSection(ProjectConfigurationPlatforms) = postSolution
		{90E1CD5F-FA5E-83A2-D14B-9183F48373F4}.Debug|Any CPU.ActiveCfg = Debug|Any CPU
		{90E1CD5F-FA5E-83A2-D14B-9183F48373F4}.Debug|Any CPU.Build.0 = Debug|Any CPU
		{90E1CD5F-FA5E-83A2-D14B-9183F48373F4}.Release|Any CPU.ActiveCfg = Release|Any CPU
		{90E1CD5F-FA5E-83A2-D14B-9183F48373F4}.Release|Any CPU.Build.0 = Release|Any CPU
		{3CD90F35-559C-FBD9-6E55-CBB42757AE00}.Debug|Any CPU.ActiveCfg = Debug|Any CPU
		{3CD90F35-559C-FBD9-6E55-CBB42757AE00}.Debug|Any CPU.Build.0 = Debug|Any CPU
		{3CD90F35-559C-FBD9-6E55-CBB42757AE00}.Release|Any CPU.ActiveCfg = Release|Any CPU
		{3CD90F35-559C-FBD9-6E55-CBB42757AE00}.Release|Any CPU.Build.0 = Release|Any CPU
		{A2C6EB5F-4E63-ED06-644D-912180633178}.Debug|Any CPU.ActiveCfg = Debug|Any CPU
		{A2C6EB5F-4E63-ED06-644D-912180633178}.Debug|Any CPU.Build.0 = Debug|Any CPU
		{A2C6EB5F-4E63-ED06-644D-912180633178}.Release|Any CPU.ActiveCfg = Release|Any CPU
		{A2C6EB5F-4E63-ED06-644D-912180633178}.Release|Any CPU.Build.0 = Release|Any CPU
	EndGlobalSection
	GlobalSection(SolutionProperties) = preSolution
		HideSolutionNode = FALSE
	EndGlobalSection
EndGlobal
